lockfileVersion: '9.0'

settings:
  autoInstallPeers: true
  excludeLinksFromLockfile: false

importers:

  .:
    devDependencies:
      '@biomejs/biome':
        specifier: 2.5.2
        version: 2.5.2
      '@types/node':
        specifier: ^22.20.1
        version: 22.20.1
      typescript:
        specifier: ^5.9.3
        version: 5.9.3

  packages/authority:
    dependencies:
      '@wizloft/harness-kernel':
        specifier: workspace:*
        version: link:../kernel

  packages/cli-adapter:
    dependencies:
      '@wizloft/harness-commands':
        specifier: workspace:*
        version: link:../commands

  packages/commands:
    dependencies:
      '@wizloft/harness':
        specifier: workspace:*
        version: link:../harness

  packages/context:
    dependencies:
      '@wizloft/harness-kernel':
        specifier: workspace:*
        version: link:../kernel

  packages/evidence:
    dependencies:
      '@wizloft/harness-kernel':
        specifier: workspace:*
        version: link:../kernel

  packages/harness:
    dependencies:
      '@wizloft/harness-authority':
        specifier: workspace:*
        version: link:../authority
      '@wizloft/harness-context':
        specifier: workspace:*
        version: link:../context
      '@wizloft/harness-evidence':
        specifier: workspace:*
        version: link:../evidence
      '@wizloft/harness-kernel':
        specifier: workspace:*
        version: link:../kernel
      '@wizloft/harness-memory':
        specifier: workspace:*
        version: link:../memory
      '@wizloft/harness-validation':
        specifier: workspace:*
        version: link:../validation

  packages/kernel: {}

  packages/memory:
    dependencies:
      '@wizloft/harness-kernel':
        specifier: workspace:*
        version: link:../kernel

  packages/project:
    dependencies:
      '@wizloft/harness':
        specifier: workspace:*
        version: link:../harness
      '@wizloft/harness-authority':
        specifier: workspace:*
        version: link:../authority
      '@wizloft/harness-cli-adapter':
        specifier: workspace:*
        version: link:../cli-adapter
      '@wizloft/harness-commands':
        specifier: workspace:*
        version: link:../commands
      '@wizloft/harness-context':
        specifier: workspace:*
        version: link:../context
      '@wizloft/harness-evidence':
        specifier: workspace:*
        version: link:../evidence
      '@wizloft/harness-kernel':
        specifier: workspace:*
        version: link:../kernel
      '@wizloft/harness-plugin-file-events':
        specifier: workspace:*
        version: link:../../plugins/file-events
      '@wizloft/harness-plugin-file-memory':
        specifier: workspace:*
        version: link:../../plugins/file-memory
      '@wizloft/harness-plugin-memory-context':
        specifier: workspace:*
        version: link:../../plugins/memory-context
      '@wizloft/harness-plugin-repository-files':
        specifier: workspace:*
        version: link:../../plugins/repository-files
      '@wizloft/harness-validation':
        specifier: workspace:*
        version: link:../validation

  packages/validation:
    dependencies:
      '@wizloft/harness-evidence':
        specifier: workspace:*
        version: link:../evidence
      '@wizloft/harness-kernel':
        specifier: workspace:*
        version: link:../kernel

  plugins/file-events:
    dependencies:
      '@wizloft/harness-kernel':
        specifier: workspace:*
        version: link:../../packages/kernel

  plugins/file-memory:
    dependencies:
      '@wizloft/harness-kernel':
        specifier: workspace:*
        version: link:../../packages/kernel
      '@wizloft/harness-memory':
        specifier: workspace:*
        version: link:../../packages/memory

  plugins/memory-context:
    dependencies:
      '@wizloft/harness-context':
        specifier: workspace:*
        version: link:../../packages/context
      '@wizloft/harness-kernel':
        specifier: workspace:*
        version: link:../../packages/kernel
      '@wizloft/harness-memory':
        specifier: workspace:*
        version: link:../../packages/memory
    devDependencies:
      '@wizloft/harness-authority':
        specifier: workspace:*
        version: link:../../packages/authority
      '@wizloft/harness-plugin-file-memory':
        specifier: workspace:*
        version: link:../file-memory
      '@wizloft/harness-plugin-repository-files':
        specifier: workspace:*
        version: link:../repository-files

  plugins/repository-files:
    dependencies:
      '@wizloft/harness-authority':
        specifier: workspace:*
        version: link:../../packages/authority
      '@wizloft/harness-context':
        specifier: workspace:*
        version: link:../../packages/context
      '@wizloft/harness-kernel':
        specifier: workspace:*
        version: link:../../packages/kernel

  profiles/self-host:
    dependencies:
      '@wizloft/harness-authority':
        specifier: workspace:*
        version: link:../../packages/authority
      '@wizloft/harness-context':
        specifier: workspace:*
        version: link:../../packages/context
      '@wizloft/harness-evidence':
        specifier: workspace:*
        version: link:../../packages/evidence
      '@wizloft/harness-kernel':
        specifier: workspace:*
        version: link:../../packages/kernel
      '@wizloft/harness-memory':
        specifier: workspace:*
        version: link:../../packages/memory
      '@wizloft/harness-plugin-file-events':
        specifier: workspace:*
        version: link:../../plugins/file-events
      '@wizloft/harness-plugin-file-memory':
        specifier: workspace:*
        version: link:../../plugins/file-memory
      '@wizloft/harness-plugin-memory-context':
        specifier: workspace:*
        version: link:../../plugins/memory-context
      '@wizloft/harness-plugin-repository-files':
        specifier: workspace:*
        version: link:../../plugins/repository-files
      '@wizloft/harness-validation':
        specifier: workspace:*
        version: link:../../packages/validation

packages:

  '@biomejs/biome@2.5.2':
    resolution: {integrity: sha512-VQ3RCqr7JmDIX+w6stWYl+g/3bYofN3q2wDBHUKKc/c7i5QWrFKFBZYCYPWTE6agsUPMIZZe6/CMmVUfUAhkKA==}
    engines: {node: '>=14.21.3'}
    hasBin: true

  '@biomejs/cli-darwin-arm64@2.5.2':
    resolution: {integrity: sha512-e7P3P7EkwFc/KiX2AHw4YDLIBOMfG9CPCAwy52k5Bp0dfhkozx9hf6wCmIr2QeXy2XeccJ3V/Sg+hDmzYEqxSg==}
    engines: {node: '>=14.21.3'}
    cpu: [arm64]
    os: [darwin]

  '@biomejs/cli-darwin-x64@2.5.2':
    resolution: {integrity: sha512-ymzMvjC1Jg0b9K0D26ZdARqFQXs7MocfLC5FOCGfkC0Ss+ACUJkX5364ZM5nT4NLZanHRZNVrZEy+Ibwcvux/g==}
    engines: {node: '>=14.21.3'}
    cpu: [x64]
    os: [darwin]

  '@biomejs/cli-linux-arm64-musl@2.5.2':
    resolution: {integrity: sha512-w+ANG0ZvTu9IeEg9QnstoOnk6L0fpwJifW6aHR18+cb5Z39bkANItYjAfMrnvce5tmMK+IQ6nPX7/kQFdam5iw==}
    engines: {node: '>=14.21.3'}
    cpu: [arm64]
    os: [linux]
    libc: [musl]

  '@biomejs/cli-linux-arm64@2.5.2':
    resolution: {integrity: sha512-t7sseOmqND57uUWTwlawU6BYj+J06T/9EkydzBhkrgw/FK3QVhjU2wsJR0frljrKZ0/I8A/rYw7284QgqjQfIQ==}
    engines: {node: '>=14.21.3'}
    cpu: [arm64]
    os: [linux]
    libc: [glibc]

  '@biomejs/cli-linux-x64-musl@2.5.2':
    resolution: {integrity: sha512-VArNLAzND063tF+XY0yPyM+DyahpzOMzOAvb7qs259nhjJWRjvjZdssuA+Rfl+l07+NOesKZ0Xu2yFrXyBMtzw==}
    engines: {node: '>=14.21.3'}
    cpu: [x64]
    os: [linux]
    libc: [musl]

  '@biomejs/cli-linux-x64@2.5.2':
    resolution: {integrity: sha512-M/lOZrewzTCRDINbjhQ1gYYru37KlD3kJBQwwKCG0ckz5E9IZwIoJ3X0wBwRXA+yBDIwWUuPBHS67HzJY4dTfA==}
    engines: {node: '>=14.21.3'}
    cpu: [x64]
    os: [linux]
    libc: [glibc]

  '@biomejs/cli-win32-arm64@2.5.2':
    resolution: {integrity: sha512-kbjFFKyZlzYnAuw7sRy5qDoFG6zrP40UK08oPQsWK0ct3NMnGSt+Bs1iviEEyEIP57N5MrykGXdO/wRiaR4lww==}
    engines: {node: '>=14.21.3'}
    cpu: [arm64]
    os: [win32]

  '@biomejs/cli-win32-x64@2.5.2':
    resolution: {integrity: sha512-4InchVpdVmdkkkgjQqKpgvyu+VPnoF/7RPSw5YATgEVpt2j72wcCAeV5TwaE9ZGJUZWZn7v2CwSAj6CrMJEx8A==}
    engines: {node: '>=14.21.3'}
    cpu: [x64]
    os: [win32]

  '@types/node@22.20.1':
    resolution: {integrity: sha512-EANqOCF9QFyra+4pfxUcX9STKJpCLjMbObVzljIJomAWSnuSIEAvyzEU53GaajbXJEgdh0iEcPL+DGvpUd4k1Q==}

  typescript@5.9.3:
    resolution: {integrity: sha512-jl1vZzPDinLr9eUt3J/t7V6FgNEw9QjvBPdysz9KfQDD41fQrC2Y4vKQdiaUpFT4bXlb1RHhLpp8wtm6M5TgSw==}
    engines: {node: '>=14.17'}
    hasBin: true

  undici-types@6.21.0:
    resolution: {integrity: sha512-iwDZqg0QAGrg9Rav5H4n0M64c3mkR59cJ6wQp+7C4nI0gsmExaedaYLNO44eT4AtBBwjbTiGPMlt2Md0T9H9JQ==}

snapshots:

  '@biomejs/biome@2.5.2':
    optionalDependencies:
      '@biomejs/cli-darwin-arm64': 2.5.2
      '@biomejs/cli-darwin-x64': 2.5.2
      '@biomejs/cli-linux-arm64': 2.5.2
      '@biomejs/cli-linux-arm64-musl': 2.5.2
      '@biomejs/cli-linux-x64': 2.5.2
      '@biomejs/cli-linux-x64-musl': 2.5.2
      '@biomejs/cli-win32-arm64': 2.5.2
      '@biomejs/cli-win32-x64': 2.5.2

  '@biomejs/cli-darwin-arm64@2.5.2':
    optional: true

  '@biomejs/cli-darwin-x64@2.5.2':
    optional: true

  '@biomejs/cli-linux-arm64-musl@2.5.2':
    optional: true

  '@biomejs/cli-linux-arm64@2.5.2':
    optional: true

  '@biomejs/cli-linux-x64-musl@2.5.2':
    optional: true

  '@biomejs/cli-linux-x64@2.5.2':
    optional: true

  '@biomejs/cli-win32-arm64@2.5.2':
    optional: true

  '@biomejs/cli-win32-x64@2.5.2':
    optional: true

  '@types/node@22.20.1':
    dependencies:
      undici-types: 6.21.0

  typescript@5.9.3: {}

  undici-types@6.21.0: {}
